
Microsoft Visual Studio Solution File, Format Version 12.00
# Visual Studio 15
VisualStudioVersion = 15.0.28010.2046
MinimumVisualStudioVersion = 10.0.40219.1
Project("{FAE04EC0-301F-11D3-BF4B-00C04F79EFBC}") = "Zh.ArduinoSerial", "Zh.ArduinoSerial\Zh.ArduinoSerial.csproj", "{4E85B1E8-94C6-4359-8A28-38E4EC14FF56}"
EndProject
Project("{FAE04EC0-301F-11D3-BF4B-00C04F79EFBC}") = "SerialConsole", "SerialConsole\SerialConsole.csproj", "{FB836540-9249-4F3D-8FA6-E49227F6A7B5}"
EndProject
Project("{FAE04EC0-301F-11D3-BF4B-00C04F79EFBC}") = "Zh.ArduinoSerial.Reactive", "Zh.ArduinoSerial.Reactive\Zh.ArduinoSerial.Reactive.csproj", "{2803E1B5-0CF1-441B-B1C0-FF659CE6DBF1}"
EndProject
Global
	GlobalSection(SolutionConfigurationPlatforms) = preSolution
		Debug|Any CPU = Debug|Any CPU
		Release|Any CPU = Release|Any CPU
	EndGlobalSection
	GlobalSection(ProjectConfigurationPlatforms) = postSolution
		{4E85B1E8-94C6-4359-8A28-38E4EC14FF56}.Debug|Any CPU.ActiveCfg = Debug|Any CPU
		{4E85B1E8-94C6-4359-8A28-38E4EC14FF56}.Debug|Any CPU.Build.0 = Debug|Any CPU
		{4E85B1E8-94C6-4359-8A28-38E4EC14FF56}.Release|Any CPU.ActiveCfg = Release|Any CPU
		{4E85B1E8-94C6-4359-8A28-38E4EC14FF56}.Release|Any CPU.Build.0 = Release|Any CPU
		{FB836540-9249-4F3D-8FA6-E49227F6A7B5}.Debug|Any CPU.ActiveCfg = Debug|Any CPU
		{FB836540-9249-4F3D-8FA6-E49227F6A7B5}.Debug|Any CPU.Build.0 = Debug|Any CPU
		{FB836540-9249-4F3D-8FA6-E49227F6A7B5}.Release|Any CPU.ActiveCfg = Release|Any CPU
		{FB836540-9249-4F3D-8FA6-E49227F6A7B5}.Release|Any CPU.Build.0 = Release|Any CPU
		{2803E1B5-0CF1-441B-B1C0-FF659CE6DBF1}.Debug|Any CPU.ActiveCfg = Debug|Any CPU
		{2803E1B5-0CF1-441B-B1C0-FF659CE6DBF1}.Debug|Any CPU.Build.0 = Debug|Any CPU
		{2803E1B5-0CF1-441B-B1C0-FF659CE6DBF1}.Release|Any CPU.ActiveCfg = Release|Any CPU
		{2803E1B5-0CF1-441B-B1C0-FF659CE6DBF1}.Release|Any CPU.Build.0 = Release|Any CPU
	EndGlobalSection
	GlobalSection(SolutionProperties) = preSolution
		HideSolutionNode = FALSE
	EndGlobalSection
	GlobalSection(ExtensibilityGlobals) = postSolution
		SolutionGuid = {A5A96CC8-7CD0-4D0C-AB96-E3C3D3041879}
	EndGlobalSection
EndGlobal
